
Microsoft Visual Studio Solution File, Format Version 12.00
# Visual Studio Version 16
VisualStudioVersion = 16.0.32002.261
MinimumVisualStudioVersion = 10.0.40219.1
Project("{FAE04EC0-301F-11D3-BF4B-00C04F79EFBC}") = "Biker Portal", "Biker Portal\Biker Portal.csproj", "{55E59B38-9A86-4B16-ADC5-9AAEEA3469C6}"
EndProject
Global
	GlobalSection(SolutionConfigurationPlatforms) = preSolution
		Debug|Any CPU = Debug|Any CPU
		Release|Any CPU = Release|Any CPU
	EndGlobalSection
	GlobalSection(ProjectConfigurationPlatforms) = postSolution
		{55E59B38-9A86-4B16-ADC5-9AAEEA3469C6}.Debug|Any CPU.ActiveCfg = Debug|Any CPU
		{55E59B38-9A86-4B16-ADC5-9AAEEA3469C6}.Debug|Any CPU.Build.0 = Debug|Any CPU
		{55E59B38-9A86-4B16-ADC5-9AAEEA3469C6}.Release|Any CPU.ActiveCfg = Release|Any CPU
		{55E59B38-9A86-4B16-ADC5-9AAEEA3469C6}.Release|Any CPU.Build.0 = Release|Any CPU
	EndGlobalSection
	GlobalSection(SolutionProperties) = preSolution
		HideSolutionNode = FALSE
	EndGlobalSection
	GlobalSection(ExtensibilityGlobals) = postSolution
		SolutionGuid = {79301FFF-13A4-4428-A576-9EFAD57F4B80}
	EndGlobalSection
EndGlobal
